// !$*UTF8*$!
{
	archiveVersion = 1;
	classes = {
	};
	objectVersion = 46;
	objects = {

/* Begin PBXBuildFile section */
		691A4D451D7CFAF800EB7F1A /* SolverHUDShareInstance.m in Sources */ = {isa = PBXBuildFile; fileRef = 691A4D431D7CFAF800EB7F1A /* SolverHUDShareInstance.m */; };
		691A4D461D7CFAF800EB7F1A /* SolverHUDViewBundle.bundle in Resources */ = {isa = PBXBuildFile; fileRef = 691A4D441D7CFAF800EB7F1A /* SolverHUDViewBundle.bundle */; };
		691A4D4B1D7CFB1A00EB7F1A /* SolverHUD.m in Sources */ = {isa = PBXBuildFile; fileRef = 691A4D481D7CFB1A00EB7F1A /* SolverHUD.m */; };
		692108DE1D795E690075C2E6 /* AppDelegate.m in Sources */ = {isa = PBXBuildFile; fileRef = 692108D41D795E690075C2E6 /* AppDelegate.m */; };
		692108DF1D795E690075C2E6 /* LaunchScreen.xib in Resources */ = {isa = PBXBuildFile; fileRef = 692108D51D795E690075C2E6 /* LaunchScreen.xib */; };
		692108E01D795E690075C2E6 /* Main.storyboard in Resources */ = {isa = PBXBuildFile; fileRef = 692108D71D795E690075C2E6 /* Main.storyboard */; };
		692108E11D795E690075C2E6 /* Images.xcassets in Resources */ = {isa = PBXBuildFile; fileRef = 692108D91D795E690075C2E6 /* Images.xcassets */; };
		692108E21D795E690075C2E6 /* Info.plist in Resources */ = {isa = PBXBuildFile; fileRef = 692108DA1D795E690075C2E6 /* Info.plist */; };
		692108E31D795E690075C2E6 /* main.m in Sources */ = {isa = PBXBuildFile; fileRef = 692108DB1D795E690075C2E6 /* main.m */; };
		692108E41D795E690075C2E6 /* ViewController.m in Sources */ = {isa = PBXBuildFile; fileRef = 692108DD1D795E690075C2E6 /* ViewController.m */; };
		6921091B1D796D030075C2E6 /* QuartzCore.framework in Frameworks */ = {isa = PBXBuildFile; fileRef = 6921091A1D796D030075C2E6 /* QuartzCore.framework */; };
		6921091E1D796DAA0075C2E6 /* SolverHUDWorkFlow.m in Sources */ = {isa = PBXBuildFile; fileRef = 6921091D1D796DAA0075C2E6 /* SolverHUDWorkFlow.m */; };
		692109211D796DC20075C2E6 /* SolverHUDNetStatus.m in Sources */ = {isa = PBXBuildFile; fileRef = 692109201D796DC20075C2E6 /* SolverHUDNetStatus.m */; };
		692109241D796DD80075C2E6 /* SolverHUDWaitingDalog.m in Sources */ = {isa = PBXBuildFile; fileRef = 692109231D796DD80075C2E6 /* SolverHUDWaitingDalog.m */; };
		692109271D796F150075C2E6 /* SolverHUDGIF.m in Sources */ = {isa = PBXBuildFile; fileRef = 692109261D796F150075C2E6 /* SolverHUDGIF.m */; };
/* End PBXBuildFile section */

/* Begin PBXFileReference section */
		20D17F4D1A788DD000C52D5D /* SolverHUD.app */ = {isa = PBXFileReference; explicitFileType = wrapper.application; includeInIndex = 0; path = SolverHUD.app; sourceTree = BUILT_PRODUCTS_DIR; };
		691A4D421D7CFAF700EB7F1A /* SolverHUDShareInstance.h */ = {isa = PBXFileReference; fileEncoding = 4; lastKnownFileType = sourcecode.c.h; path = SolverHUDShareInstance.h; sourceTree = "<group>"; };
		691A4D431D7CFAF800EB7F1A /* SolverHUDShareInstance.m */ = {isa = PBXFileReference; fileEncoding = 4; lastKnownFileType = sourcecode.c.objc; path = SolverHUDShareInstance.m; sourceTree = "<group>"; };
		691A4D441D7CFAF800EB7F1A /* SolverHUDViewBundle.bundle */ = {isa = PBXFileReference; lastKnownFileType = "wrapper.plug-in"; path = SolverHUDViewBundle.bundle; sourceTree = "<group>"; };
		691A4D471D7CFB1A00EB7F1A /* SolverHUD.h */ = {isa = PBXFileReference; fileEncoding = 4; lastKnownFileType = sourcecode.c.h; path = SolverHUD.h; sourceTree = "<group>"; };
		691A4D481D7CFB1A00EB7F1A /* SolverHUD.m */ = {isa = PBXFileReference; fileEncoding = 4; lastKnownFileType = sourcecode.c.objc; path = SolverHUD.m; sourceTree = "<group>"; };
		691A4D491D7CFB1A00EB7F1A /* SolverHUDConf.h */ = {isa = PBXFileReference; fileEncoding = 4; lastKnownFileType = sourcecode.c.h; path = SolverHUDConf.h; sourceTree = "<group>"; };
		691A4D4A1D7CFB1A00EB7F1A /* SolverHUDDelegate.h */ = {isa = PBXFileReference; fileEncoding = 4; lastKnownFileType = sourcecode.c.h; path = SolverHUDDelegate.h; sourceTree = "<group>"; };
		692108D31D795E690075C2E6 /* AppDelegate.h */ = {isa = PBXFileReference; fileEncoding = 4; lastKnownFileType = sourcecode.c.h; path = AppDelegate.h; sourceTree = "<group>"; };
		692108D41D795E690075C2E6 /* AppDelegate.m */ = {isa = PBXFileReference; fileEncoding = 4; lastKnownFileType = sourcecode.c.objc; path = AppDelegate.m; sourceTree = "<group>"; };
		692108D61D795E690075C2E6 /* Base */ = {isa = PBXFileReference; lastKnownFileType = file.xib; name = Base; path = Base.lproj/LaunchScreen.xib; sourceTree = "<group>"; };
		692108D81D795E690075C2E6 /* Base */ = {isa = PBXFileReference; lastKnownFileType = file.storyboard; name = Base; path = Base.lproj/Main.storyboard; sourceTree = "<group>"; };
		692108D91D795E690075C2E6 /* Images.xcassets */ = {isa = PBXFileReference; lastKnownFileType = folder.assetcatalog; path = Images.xcassets; sourceTree = "<group>"; };
		692108DA1D795E690075C2E6 /* Info.plist */ = {isa = PBXFileReference; fileEncoding = 4; lastKnownFileType = text.plist.xml; path = Info.plist; sourceTree = "<group>"; };
		692108DB1D795E690075C2E6 /* main.m */ = {isa = PBXFileReference; fileEncoding = 4; lastKnownFileType = sourcecode.c.objc; path = main.m; sourceTree = "<group>"; };
		692108DC1D795E690075C2E6 /* ViewController.h */ = {isa = PBXFileReference; fileEncoding = 4; lastKnownFileType = sourcecode.c.h; path = ViewController.h; sourceTree = "<group>"; };
		692108DD1D795E690075C2E6 /* ViewController.m */ = {isa = PBXFileReference; fileEncoding = 4; lastKnownFileType = sourcecode.c.objc; path = ViewController.m; sourceTree = "<group>"; };
		6921091A1D796D030075C2E6 /* QuartzCore.framework */ = {isa = PBXFileReference; lastKnownFileType = wrapper.framework; name = QuartzCore.framework; path = System/Library/Frameworks/QuartzCore.framework; sourceTree = SDKROOT; };
		6921091C1D796DAA0075C2E6 /* SolverHUDWorkFlow.h */ = {isa = PBXFileReference; fileEncoding = 4; lastKnownFileType = sourcecode.c.h; path = SolverHUDWorkFlow.h; sourceTree = "<group>"; };
		6921091D1D796DAA0075C2E6 /* SolverHUDWorkFlow.m */ = {isa = PBXFileReference; fileEncoding = 4; lastKnownFileType = sourcecode.c.objc; path = SolverHUDWorkFlow.m; sourceTree = "<group>"; };
		6921091F1D796DC20075C2E6 /* SolverHUDNetStatus.h */ = {isa = PBXFileReference; fileEncoding = 4; lastKnownFileType = sourcecode.c.h; path = SolverHUDNetStatus.h; sourceTree = "<group>"; };
		692109201D796DC20075C2E6 /* SolverHUDNetStatus.m */ = {isa = PBXFileReference; fileEncoding = 4; lastKnownFileType = sourcecode.c.objc; path = SolverHUDNetStatus.m; sourceTree = "<group>"; };
		692109221D796DD80075C2E6 /* SolverHUDWaitingDalog.h */ = {isa = PBXFileReference; fileEncoding = 4; lastKnownFileType = sourcecode.c.h; path = SolverHUDWaitingDalog.h; sourceTree = "<group>"; };
		692109231D796DD80075C2E6 /* SolverHUDWaitingDalog.m */ = {isa = PBXFileReference; fileEncoding = 4; lastKnownFileType = sourcecode.c.objc; path = SolverHUDWaitingDalog.m; sourceTree = "<group>"; };
		692109251D796F150075C2E6 /* SolverHUDGIF.h */ = {isa = PBXFileReference; fileEncoding = 4; lastKnownFileType = sourcecode.c.h; path = SolverHUDGIF.h; sourceTree = "<group>"; };
		692109261D796F150075C2E6 /* SolverHUDGIF.m */ = {isa = PBXFileReference; fileEncoding = 4; lastKnownFileType = sourcecode.c.objc; path = SolverHUDGIF.m; sourceTree = "<group>"; };
/* End PBXFileReference section */

/* Begin PBXFrameworksBuildPhase section */
		20D17F4A1A788DD000C52D5D /* Frameworks */ = {
			isa = PBXFrameworksBuildPhase;
			buildActionMask = 2147483647;
			files = (
				6921091B1D796D030075C2E6 /* QuartzCore.framework in Frameworks */,
			);
			runOnlyForDeploymentPostprocessing = 0;
		};
/* End PBXFrameworksBuildPhase section */

/* Begin PBXGroup section */
		20D17F441A788DD000C52D5D = {
			isa = PBXGroup;
			children = (
				6921091A1D796D030075C2E6 /* QuartzCore.framework */,
				692108D21D795E690075C2E6 /* SolverHUD */,
				20D17F761A788DF300C52D5D /* Component */,
				20D17F4E1A788DD000C52D5D /* Products */,
			);
			sourceTree = "<group>";
		};
		20D17F4E1A788DD000C52D5D /* Products */ = {
			isa = PBXGroup;
			children = (
				20D17F4D1A788DD000C52D5D /* SolverHUD.app */,
			);
			name = Products;
			sourceTree = "<group>";
		};
		20D17F761A788DF300C52D5D /* Component */ = {
			isa = PBXGroup;
			children = (
				692108FC1D7964B60075C2E6 /* Private */,
				6921090D1D7964B60075C2E6 /* Public */,
			);
			path = Component;
			sourceTree = "<group>";
		};
		692108D21D795E690075C2E6 /* SolverHUD */ = {
			isa = PBXGroup;
			children = (
				692108D31D795E690075C2E6 /* AppDelegate.h */,
				692108D41D795E690075C2E6 /* AppDelegate.m */,
				692108D51D795E690075C2E6 /* LaunchScreen.xib */,
				692108D71D795E690075C2E6 /* Main.storyboard */,
				692108D91D795E690075C2E6 /* Images.xcassets */,
				692108DA1D795E690075C2E6 /* Info.plist */,
				692108DB1D795E690075C2E6 /* main.m */,
				692108DC1D795E690075C2E6 /* ViewController.h */,
				692108DD1D795E690075C2E6 /* ViewController.m */,
			);
			path = SolverHUD;
			sourceTree = "<group>";
		};
		692108FC1D7964B60075C2E6 /* Private */ = {
			isa = PBXGroup;
			children = (
				691A4D471D7CFB1A00EB7F1A /* SolverHUD.h */,
				691A4D481D7CFB1A00EB7F1A /* SolverHUD.m */,
				691A4D491D7CFB1A00EB7F1A /* SolverHUDConf.h */,
				691A4D4A1D7CFB1A00EB7F1A /* SolverHUDDelegate.h */,
				691A4D421D7CFAF700EB7F1A /* SolverHUDShareInstance.h */,
				691A4D431D7CFAF800EB7F1A /* SolverHUDShareInstance.m */,
				691A4D441D7CFAF800EB7F1A /* SolverHUDViewBundle.bundle */,
			);
			path = Private;
			sourceTree = "<group>";
		};
		6921090D1D7964B60075C2E6 /* Public */ = {
			isa = PBXGroup;
			children = (
				6921091C1D796DAA0075C2E6 /* SolverHUDWorkFlow.h */,
				6921091D1D796DAA0075C2E6 /* SolverHUDWorkFlow.m */,
				6921091F1D796DC20075C2E6 /* SolverHUDNetStatus.h */,
				692109201D796DC20075C2E6 /* SolverHUDNetStatus.m */,
				692109221D796DD80075C2E6 /* SolverHUDWaitingDalog.h */,
				692109231D796DD80075C2E6 /* SolverHUDWaitingDalog.m */,
				692109251D796F150075C2E6 /* SolverHUDGIF.h */,
				692109261D796F150075C2E6 /* SolverHUDGIF.m */,
			);
			path = Public;
			sourceTree = "<group>";
		};
/* End PBXGroup section */

/* Begin PBXNativeTarget section */
		20D17F4C1A788DD000C52D5D /* SolverHUD */ = {
			isa = PBXNativeTarget;
			buildConfigurationList = 20D17F701A788DD000C52D5D /* Build configuration list for PBXNativeTarget "SolverHUD" */;
			buildPhases = (
				20D17F491A788DD000C52D5D /* Sources */,
				20D17F4A1A788DD000C52D5D /* Frameworks */,
				20D17F4B1A788DD000C52D5D /* Resources */,
			);
			buildRules = (
			);
			dependencies = (
			);
			name = SolverHUD;
			productName = WarnView;
			productReference = 20D17F4D1A788DD000C52D5D /* SolverHUD.app */;
			productType = "com.apple.product-type.application";
		};
/* End PBXNativeTarget section */

/* Begin PBXProject section */
		20D17F451A788DD000C52D5D /* Project object */ = {
			isa = PBXProject;
			attributes = {
				LastUpgradeCheck = 0610;
				ORGANIZATIONNAME = com.Vacn.;
				TargetAttributes = {
					20D17F4C1A788DD000C52D5D = {
						CreatedOnToolsVersion = 6.1;
					};
				};
			};
			buildConfigurationList = 20D17F481A788DD000C52D5D /* Build configuration list for PBXProject "SolverHUD" */;
			compatibilityVersion = "Xcode 3.2";
			developmentRegion = English;
			hasScannedForEncodings = 0;
			knownRegions = (
				en,
				Base,
			);
			mainGroup = 20D17F441A788DD000C52D5D;
			productRefGroup = 20D17F4E1A788DD000C52D5D /* Products */;
			projectDirPath = "";
			projectRoot = "";
			targets = (
				20D17F4C1A788DD000C52D5D /* SolverHUD */,
			);
		};
/* End PBXProject section */

/* Begin PBXResourcesBuildPhase section */
		20D17F4B1A788DD000C52D5D /* Resources */ = {
			isa = PBXResourcesBuildPhase;
			buildActionMask = 2147483647;
			files = (
				692108E01D795E690075C2E6 /* Main.storyboard in Resources */,
				691A4D461D7CFAF800EB7F1A /* SolverHUDViewBundle.bundle in Resources */,
				692108E11D795E690075C2E6 /* Images.xcassets in Resources */,
				692108E21D795E690075C2E6 /* Info.plist in Resources */,
				692108DF1D795E690075C2E6 /* LaunchScreen.xib in Resources */,
			);
			runOnlyForDeploymentPostprocessing = 0;
		};
/* End PBXResourcesBuildPhase section */

/* Begin PBXSourcesBuildPhase section */
		20D17F491A788DD000C52D5D /* Sources */ = {
			isa = PBXSourcesBuildPhase;
			buildActionMask = 2147483647;
			files = (
				692108DE1D795E690075C2E6 /* AppDelegate.m in Sources */,
				6921091E1D796DAA0075C2E6 /* SolverHUDWorkFlow.m in Sources */,
				692108E41D795E690075C2E6 /* ViewController.m in Sources */,
				691A4D451D7CFAF800EB7F1A /* SolverHUDShareInstance.m in Sources */,
				692109211D796DC20075C2E6 /* SolverHUDNetStatus.m in Sources */,
				692108E31D795E690075C2E6 /* main.m in Sources */,
				692109271D796F150075C2E6 /* SolverHUDGIF.m in Sources */,
				691A4D4B1D7CFB1A00EB7F1A /* SolverHUD.m in Sources */,
				692109241D796DD80075C2E6 /* SolverHUDWaitingDalog.m in Sources */,
			);
			runOnlyForDeploymentPostprocessing = 0;
		};
/* End PBXSourcesBuildPhase section */

/* Begin PBXVariantGroup section */
		692108D51D795E690075C2E6 /* LaunchScreen.xib */ = {
			isa = PBXVariantGroup;
			children = (
				692108D61D795E690075C2E6 /* Base */,
			);
			name = LaunchScreen.xib;
			sourceTree = "<group>";
		};
		692108D71D795E690075C2E6 /* Main.storyboard */ = {
			isa = PBXVariantGroup;
			children = (
				692108D81D795E690075C2E6 /* Base */,
			);
			name = Main.storyboard;
			sourceTree = "<group>";
		};
/* End PBXVariantGroup section */

/* Begin XCBuildConfiguration section */
		20D17F6E1A788DD000C52D5D /* Debug */ = {
			isa = XCBuildConfiguration;
			buildSettings = {
				ALWAYS_SEARCH_USER_PATHS = NO;
				CLANG_CXX_LANGUAGE_STANDARD = "gnu++0x";
				CLANG_CXX_LIBRARY = "libc++";
				CLANG_ENABLE_MODULES = YES;
				CLANG_ENABLE_OBJC_ARC = YES;
				CLANG_WARN_BOOL_CONVERSION = YES;
				CLANG_WARN_CONSTANT_CONVERSION = YES;
				CLANG_WARN_DIRECT_OBJC_ISA_USAGE = YES_ERROR;
				CLANG_WARN_EMPTY_BODY = YES;
				CLANG_WARN_ENUM_CONVERSION = YES;
				CLANG_WARN_INT_CONVERSION = YES;
				CLANG_WARN_OBJC_ROOT_CLASS = YES_ERROR;
				CLANG_WARN_UNREACHABLE_CODE = YES;
				CLANG_WARN__DUPLICATE_METHOD_MATCH = YES;
				"CODE_SIGN_IDENTITY[sdk=iphoneos*]" = "iPhone Developer";
				COPY_PHASE_STRIP = NO;
				ENABLE_STRICT_OBJC_MSGSEND = YES;
				GCC_C_LANGUAGE_STANDARD = gnu99;
				GCC_DYNAMIC_NO_PIC = NO;
				GCC_OPTIMIZATION_LEVEL = 0;
				GCC_PREPROCESSOR_DEFINITIONS = (
					"DEBUG=1",
					"$(inherited)",
				);
				GCC_SYMBOLS_PRIVATE_EXTERN = NO;
				GCC_WARN_64_TO_32_BIT_CONVERSION = YES;
				GCC_WARN_ABOUT_RETURN_TYPE = YES_ERROR;
				GCC_WARN_UNDECLARED_SELECTOR = YES;
				GCC_WARN_UNINITIALIZED_AUTOS = YES_AGGRESSIVE;
				GCC_WARN_UNUSED_FUNCTION = YES;
				GCC_WARN_UNUSED_VARIABLE = YES;
				IPHONEOS_DEPLOYMENT_TARGET = 8.1;
				MTL_ENABLE_DEBUG_INFO = YES;
				ONLY_ACTIVE_ARCH = YES;
				SDKROOT = iphoneos;
			};
			name = Debug;
		};
		20D17F6F1A788DD000C52D5D /* Release */ = {
			isa = XCBuildConfiguration;
			buildSettings = {
				ALWAYS_SEARCH_USER_PATHS = NO;
				CLANG_CXX_LANGUAGE_STANDARD = "gnu++0x";
				CLANG_CXX_LIBRARY = "libc++";
				CLANG_ENABLE_MODULES = YES;
				CLANG_ENABLE_OBJC_ARC = YES;
				CLANG_WARN_BOOL_CONVERSION = YES;
				CLANG_WARN_CONSTANT_CONVERSION = YES;
				CLANG_WARN_DIRECT_OBJC_ISA_USAGE = YES_ERROR;
				CLANG_WARN_EMPTY_BODY = YES;
				CLANG_WARN_ENUM_CONVERSION = YES;
				CLANG_WARN_INT_CONVERSION = YES;
				CLANG_WARN_OBJC_ROOT_CLASS = YES_ERROR;
				CLANG_WARN_UNREACHABLE_CODE = YES;
				CLANG_WARN__DUPLICATE_METHOD_MATCH = YES;
				"CODE_SIGN_IDENTITY[sdk=iphoneos*]" = "iPhone Developer";
				COPY_PHASE_STRIP = YES;
				ENABLE_NS_ASSERTIONS = NO;
				ENABLE_STRICT_OBJC_MSGSEND = YES;
				GCC_C_LANGUAGE_STANDARD = gnu99;
				GCC_WARN_64_TO_32_BIT_CONVERSION = YES;
				GCC_WARN_ABOUT_RETURN_TYPE = YES_ERROR;
				GCC_WARN_UNDECLARED_SELECTOR = YES;
				GCC_WARN_UNINITIALIZED_AUTOS = YES_AGGRESSIVE;
				GCC_WARN_UNUSED_FUNCTION = YES;
				GCC_WARN_UNUSED_VARIABLE = YES;
				IPHONEOS_DEPLOYMENT_TARGET = 8.1;
				MTL_ENABLE_DEBUG_INFO = NO;
				SDKROOT = iphoneos;
				VALIDATE_PRODUCT = YES;
			};
			name = Release;
		};
		20D17F711A788DD000C52D5D /* Debug */ = {
			isa = XCBuildConfiguration;
			buildSettings = {
				ASSETCATALOG_COMPILER_APPICON_NAME = AppIcon;
				ENABLE_STRICT_OBJC_MSGSEND = NO;
				INFOPLIST_FILE = SolverHUD/Info.plist;
				LD_RUNPATH_SEARCH_PATHS = "$(inherited) @executable_path/Frameworks";
				PRODUCT_NAME = SolverHUD;
			};
			name = Debug;
		};
		20D17F721A788DD000C52D5D /* Release */ = {
			isa = XCBuildConfiguration;
			buildSettings = {
				ASSETCATALOG_COMPILER_APPICON_NAME = AppIcon;
				ENABLE_STRICT_OBJC_MSGSEND = NO;
				INFOPLIST_FILE = SolverHUD/Info.plist;
				LD_RUNPATH_SEARCH_PATHS = "$(inherited) @executable_path/Frameworks";
				PRODUCT_NAME = SolverHUD;
			};
			name = Release;
		};
/* End XCBuildConfiguration section */

/* Begin XCConfigurationList section */
		20D17F481A788DD000C52D5D /* Build configuration list for PBXProject "SolverHUD" */ = {
			isa = XCConfigurationList;
			buildConfigurations = (
				20D17F6E1A788DD000C52D5D /* Debug */,
				20D17F6F1A788DD000C52D5D /* Release */,
			);
			defaultConfigurationIsVisible = 0;
			defaultConfigurationName = Release;
		};
		20D17F701A788DD000C52D5D /* Build configuration list for PBXNativeTarget "SolverHUD" */ = {
			isa = XCConfigurationList;
			buildConfigurations = (
				20D17F711A788DD000C52D5D /* Debug */,
				20D17F721A788DD000C52D5D /* Release */,
			);
			defaultConfigurationIsVisible = 0;
			defaultConfigurationName = Release;
		};
/* End XCConfigurationList section */
	};
	rootObject = 20D17F451A788DD000C52D5D /* Project object */;
}
