// !$*UTF8*$!
{
	archiveVersion = 1;
	classes = {
	};
	objectVersion = 46;
	objects = {

/* Begin PBXBuildFile section */
		20D17F841A788DF300C52D5D /* PopSingleInstance.m in Sources */ = {isa = PBXBuildFile; fileRef = 20D17F781A788DF300C52D5D /* PopSingleInstance.m */; };
		20D17F991A788F1000C52D5D /* PopView.m in Sources */ = {isa = PBXBuildFile; fileRef = 20D17F8E1A788F1000C52D5D /* PopView.m */; };
		20D17F9A1A788F1000C52D5D /* WarnViewBundle.bundle in Resources */ = {isa = PBXBuildFile; fileRef = 20D17F901A788F1000C52D5D /* WarnViewBundle.bundle */; };
		20D17F9B1A788F1000C52D5D /* PopViewOfNetWork.m in Sources */ = {isa = PBXBuildFile; fileRef = 20D17F921A788F1000C52D5D /* PopViewOfNetWork.m */; };
		20D17F9C1A788F1000C52D5D /* PopViewOfWait.m in Sources */ = {isa = PBXBuildFile; fileRef = 20D17F941A788F1000C52D5D /* PopViewOfWait.m */; };
		20D17F9D1A788F1000C52D5D /* PopViewOfWorkFlow.m in Sources */ = {isa = PBXBuildFile; fileRef = 20D17F961A788F1000C52D5D /* PopViewOfWorkFlow.m */; };
		20D17F9E1A788F1000C52D5D /* PopWindow.m in Sources */ = {isa = PBXBuildFile; fileRef = 20D17F981A788F1000C52D5D /* PopWindow.m */; };
		20D17FAB1A78934700C52D5D /* AppDelegate.m in Sources */ = {isa = PBXBuildFile; fileRef = 20D17FA11A78934700C52D5D /* AppDelegate.m */; };
		20D17FAC1A78934700C52D5D /* LaunchScreen.xib in Resources */ = {isa = PBXBuildFile; fileRef = 20D17FA21A78934700C52D5D /* LaunchScreen.xib */; };
		20D17FAD1A78934700C52D5D /* Main.storyboard in Resources */ = {isa = PBXBuildFile; fileRef = 20D17FA41A78934700C52D5D /* Main.storyboard */; };
		20D17FAE1A78934700C52D5D /* Images.xcassets in Resources */ = {isa = PBXBuildFile; fileRef = 20D17FA61A78934700C52D5D /* Images.xcassets */; };
		20D17FAF1A78934700C52D5D /* Info.plist in Resources */ = {isa = PBXBuildFile; fileRef = 20D17FA71A78934700C52D5D /* Info.plist */; };
		20D17FB01A78934700C52D5D /* main.m in Sources */ = {isa = PBXBuildFile; fileRef = 20D17FA81A78934700C52D5D /* main.m */; };
		20D17FB11A78934700C52D5D /* ViewController.m in Sources */ = {isa = PBXBuildFile; fileRef = 20D17FAA1A78934700C52D5D /* ViewController.m */; };
/* End PBXBuildFile section */

/* Begin PBXFileReference section */
		20D17F4D1A788DD000C52D5D /* PopFlow.app */ = {isa = PBXFileReference; explicitFileType = wrapper.application; includeInIndex = 0; path = PopFlow.app; sourceTree = BUILT_PRODUCTS_DIR; };
		20D17F771A788DF300C52D5D /* PopSingleInstance.h */ = {isa = PBXFileReference; fileEncoding = 4; lastKnownFileType = sourcecode.c.h; path = PopSingleInstance.h; sourceTree = "<group>"; };
		20D17F781A788DF300C52D5D /* PopSingleInstance.m */ = {isa = PBXFileReference; fileEncoding = 4; lastKnownFileType = sourcecode.c.objc; path = PopSingleInstance.m; sourceTree = "<group>"; };
		20D17F8B1A788E6B00C52D5D /* Pop.h */ = {isa = PBXFileReference; lastKnownFileType = sourcecode.c.h; path = Pop.h; sourceTree = "<group>"; };
		20D17F8D1A788F1000C52D5D /* PopView.h */ = {isa = PBXFileReference; fileEncoding = 4; lastKnownFileType = sourcecode.c.h; path = PopView.h; sourceTree = "<group>"; };
		20D17F8E1A788F1000C52D5D /* PopView.m */ = {isa = PBXFileReference; fileEncoding = 4; lastKnownFileType = sourcecode.c.objc; path = PopView.m; sourceTree = "<group>"; };
		20D17F901A788F1000C52D5D /* WarnViewBundle.bundle */ = {isa = PBXFileReference; lastKnownFileType = "wrapper.plug-in"; path = WarnViewBundle.bundle; sourceTree = "<group>"; };
		20D17F911A788F1000C52D5D /* PopViewOfNetWork.h */ = {isa = PBXFileReference; fileEncoding = 4; lastKnownFileType = sourcecode.c.h; path = PopViewOfNetWork.h; sourceTree = "<group>"; };
		20D17F921A788F1000C52D5D /* PopViewOfNetWork.m */ = {isa = PBXFileReference; fileEncoding = 4; lastKnownFileType = sourcecode.c.objc; path = PopViewOfNetWork.m; sourceTree = "<group>"; };
		20D17F931A788F1000C52D5D /* PopViewOfWait.h */ = {isa = PBXFileReference; fileEncoding = 4; lastKnownFileType = sourcecode.c.h; path = PopViewOfWait.h; sourceTree = "<group>"; };
		20D17F941A788F1000C52D5D /* PopViewOfWait.m */ = {isa = PBXFileReference; fileEncoding = 4; lastKnownFileType = sourcecode.c.objc; path = PopViewOfWait.m; sourceTree = "<group>"; };
		20D17F951A788F1000C52D5D /* PopViewOfWorkFlow.h */ = {isa = PBXFileReference; fileEncoding = 4; lastKnownFileType = sourcecode.c.h; path = PopViewOfWorkFlow.h; sourceTree = "<group>"; };
		20D17F961A788F1000C52D5D /* PopViewOfWorkFlow.m */ = {isa = PBXFileReference; fileEncoding = 4; lastKnownFileType = sourcecode.c.objc; path = PopViewOfWorkFlow.m; sourceTree = "<group>"; };
		20D17F971A788F1000C52D5D /* PopWindow.h */ = {isa = PBXFileReference; fileEncoding = 4; lastKnownFileType = sourcecode.c.h; path = PopWindow.h; sourceTree = "<group>"; };
		20D17F981A788F1000C52D5D /* PopWindow.m */ = {isa = PBXFileReference; fileEncoding = 4; lastKnownFileType = sourcecode.c.objc; path = PopWindow.m; sourceTree = "<group>"; };
		20D17FA01A78934700C52D5D /* AppDelegate.h */ = {isa = PBXFileReference; fileEncoding = 4; lastKnownFileType = sourcecode.c.h; path = AppDelegate.h; sourceTree = "<group>"; };
		20D17FA11A78934700C52D5D /* AppDelegate.m */ = {isa = PBXFileReference; fileEncoding = 4; lastKnownFileType = sourcecode.c.objc; path = AppDelegate.m; sourceTree = "<group>"; };
		20D17FA31A78934700C52D5D /* Base */ = {isa = PBXFileReference; lastKnownFileType = file.xib; name = Base; path = Base.lproj/LaunchScreen.xib; sourceTree = "<group>"; };
		20D17FA51A78934700C52D5D /* Base */ = {isa = PBXFileReference; lastKnownFileType = file.storyboard; name = Base; path = Base.lproj/Main.storyboard; sourceTree = "<group>"; };
		20D17FA61A78934700C52D5D /* Images.xcassets */ = {isa = PBXFileReference; lastKnownFileType = folder.assetcatalog; path = Images.xcassets; sourceTree = "<group>"; };
		20D17FA71A78934700C52D5D /* Info.plist */ = {isa = PBXFileReference; fileEncoding = 4; lastKnownFileType = text.plist.xml; path = Info.plist; sourceTree = "<group>"; };
		20D17FA81A78934700C52D5D /* main.m */ = {isa = PBXFileReference; fileEncoding = 4; lastKnownFileType = sourcecode.c.objc; path = main.m; sourceTree = "<group>"; };
		20D17FA91A78934700C52D5D /* ViewController.h */ = {isa = PBXFileReference; fileEncoding = 4; lastKnownFileType = sourcecode.c.h; path = ViewController.h; sourceTree = "<group>"; };
		20D17FAA1A78934700C52D5D /* ViewController.m */ = {isa = PBXFileReference; fileEncoding = 4; lastKnownFileType = sourcecode.c.objc; path = ViewController.m; sourceTree = "<group>"; };
/* End PBXFileReference section */

/* Begin PBXFrameworksBuildPhase section */
		20D17F4A1A788DD000C52D5D /* Frameworks */ = {
			isa = PBXFrameworksBuildPhase;
			buildActionMask = 2147483647;
			files = (
			);
			runOnlyForDeploymentPostprocessing = 0;
		};
/* End PBXFrameworksBuildPhase section */

/* Begin PBXGroup section */
		20D17F441A788DD000C52D5D = {
			isa = PBXGroup;
			children = (
				20D17F9F1A78934700C52D5D /* PopFlow */,
				20D17F761A788DF300C52D5D /* Component */,
				20D17F4E1A788DD000C52D5D /* Products */,
			);
			sourceTree = "<group>";
		};
		20D17F4E1A788DD000C52D5D /* Products */ = {
			isa = PBXGroup;
			children = (
				20D17F4D1A788DD000C52D5D /* PopFlow.app */,
			);
			name = Products;
			sourceTree = "<group>";
		};
		20D17F761A788DF300C52D5D /* Component */ = {
			isa = PBXGroup;
			children = (
				20D17F8C1A788F1000C52D5D /* WarnView */,
				20D17F8F1A788F1000C52D5D /* WarnWindow */,
				20D17F771A788DF300C52D5D /* PopSingleInstance.h */,
				20D17F781A788DF300C52D5D /* PopSingleInstance.m */,
				20D17F8B1A788E6B00C52D5D /* Pop.h */,
			);
			path = Component;
			sourceTree = "<group>";
		};
		20D17F8C1A788F1000C52D5D /* WarnView */ = {
			isa = PBXGroup;
			children = (
				20D17F8D1A788F1000C52D5D /* PopView.h */,
				20D17F8E1A788F1000C52D5D /* PopView.m */,
			);
			path = WarnView;
			sourceTree = "<group>";
		};
		20D17F8F1A788F1000C52D5D /* WarnWindow */ = {
			isa = PBXGroup;
			children = (
				20D17F901A788F1000C52D5D /* WarnViewBundle.bundle */,
				20D17F911A788F1000C52D5D /* PopViewOfNetWork.h */,
				20D17F921A788F1000C52D5D /* PopViewOfNetWork.m */,
				20D17F931A788F1000C52D5D /* PopViewOfWait.h */,
				20D17F941A788F1000C52D5D /* PopViewOfWait.m */,
				20D17F951A788F1000C52D5D /* PopViewOfWorkFlow.h */,
				20D17F961A788F1000C52D5D /* PopViewOfWorkFlow.m */,
				20D17F971A788F1000C52D5D /* PopWindow.h */,
				20D17F981A788F1000C52D5D /* PopWindow.m */,
			);
			path = WarnWindow;
			sourceTree = "<group>";
		};
		20D17F9F1A78934700C52D5D /* PopFlow */ = {
			isa = PBXGroup;
			children = (
				20D17FA01A78934700C52D5D /* AppDelegate.h */,
				20D17FA11A78934700C52D5D /* AppDelegate.m */,
				20D17FA21A78934700C52D5D /* LaunchScreen.xib */,
				20D17FA41A78934700C52D5D /* Main.storyboard */,
				20D17FA61A78934700C52D5D /* Images.xcassets */,
				20D17FA71A78934700C52D5D /* Info.plist */,
				20D17FA81A78934700C52D5D /* main.m */,
				20D17FA91A78934700C52D5D /* ViewController.h */,
				20D17FAA1A78934700C52D5D /* ViewController.m */,
			);
			path = PopFlow;
			sourceTree = "<group>";
		};
/* End PBXGroup section */

/* Begin PBXNativeTarget section */
		20D17F4C1A788DD000C52D5D /* PopFlow */ = {
			isa = PBXNativeTarget;
			buildConfigurationList = 20D17F701A788DD000C52D5D /* Build configuration list for PBXNativeTarget "PopFlow" */;
			buildPhases = (
				20D17F491A788DD000C52D5D /* Sources */,
				20D17F4A1A788DD000C52D5D /* Frameworks */,
				20D17F4B1A788DD000C52D5D /* Resources */,
			);
			buildRules = (
			);
			dependencies = (
			);
			name = PopFlow;
			productName = WarnView;
			productReference = 20D17F4D1A788DD000C52D5D /* PopFlow.app */;
			productType = "com.apple.product-type.application";
		};
/* End PBXNativeTarget section */

/* Begin PBXProject section */
		20D17F451A788DD000C52D5D /* Project object */ = {
			isa = PBXProject;
			attributes = {
				LastUpgradeCheck = 0610;
				ORGANIZATIONNAME = com.Vacn.;
				TargetAttributes = {
					20D17F4C1A788DD000C52D5D = {
						CreatedOnToolsVersion = 6.1;
					};
				};
			};
			buildConfigurationList = 20D17F481A788DD000C52D5D /* Build configuration list for PBXProject "PopFlow" */;
			compatibilityVersion = "Xcode 3.2";
			developmentRegion = English;
			hasScannedForEncodings = 0;
			knownRegions = (
				en,
				Base,
			);
			mainGroup = 20D17F441A788DD000C52D5D;
			productRefGroup = 20D17F4E1A788DD000C52D5D /* Products */;
			projectDirPath = "";
			projectRoot = "";
			targets = (
				20D17F4C1A788DD000C52D5D /* PopFlow */,
			);
		};
/* End PBXProject section */

/* Begin PBXResourcesBuildPhase section */
		20D17F4B1A788DD000C52D5D /* Resources */ = {
			isa = PBXResourcesBuildPhase;
			buildActionMask = 2147483647;
			files = (
				20D17FAD1A78934700C52D5D /* Main.storyboard in Resources */,
				20D17FAE1A78934700C52D5D /* Images.xcassets in Resources */,
				20D17FAC1A78934700C52D5D /* LaunchScreen.xib in Resources */,
				20D17FAF1A78934700C52D5D /* Info.plist in Resources */,
				20D17F9A1A788F1000C52D5D /* WarnViewBundle.bundle in Resources */,
			);
			runOnlyForDeploymentPostprocessing = 0;
		};
/* End PBXResourcesBuildPhase section */

/* Begin PBXSourcesBuildPhase section */
		20D17F491A788DD000C52D5D /* Sources */ = {
			isa = PBXSourcesBuildPhase;
			buildActionMask = 2147483647;
			files = (
				20D17FB11A78934700C52D5D /* ViewController.m in Sources */,
				20D17F991A788F1000C52D5D /* PopView.m in Sources */,
				20D17F9D1A788F1000C52D5D /* PopViewOfWorkFlow.m in Sources */,
				20D17F9B1A788F1000C52D5D /* PopViewOfNetWork.m in Sources */,
				20D17F841A788DF300C52D5D /* PopSingleInstance.m in Sources */,
				20D17F9C1A788F1000C52D5D /* PopViewOfWait.m in Sources */,
				20D17F9E1A788F1000C52D5D /* PopWindow.m in Sources */,
				20D17FB01A78934700C52D5D /* main.m in Sources */,
				20D17FAB1A78934700C52D5D /* AppDelegate.m in Sources */,
			);
			runOnlyForDeploymentPostprocessing = 0;
		};
/* End PBXSourcesBuildPhase section */

/* Begin PBXVariantGroup section */
		20D17FA21A78934700C52D5D /* LaunchScreen.xib */ = {
			isa = PBXVariantGroup;
			children = (
				20D17FA31A78934700C52D5D /* Base */,
			);
			name = LaunchScreen.xib;
			sourceTree = "<group>";
		};
		20D17FA41A78934700C52D5D /* Main.storyboard */ = {
			isa = PBXVariantGroup;
			children = (
				20D17FA51A78934700C52D5D /* Base */,
			);
			name = Main.storyboard;
			sourceTree = "<group>";
		};
/* End PBXVariantGroup section */

/* Begin XCBuildConfiguration section */
		20D17F6E1A788DD000C52D5D /* Debug */ = {
			isa = XCBuildConfiguration;
			buildSettings = {
				ALWAYS_SEARCH_USER_PATHS = NO;
				CLANG_CXX_LANGUAGE_STANDARD = "gnu++0x";
				CLANG_CXX_LIBRARY = "libc++";
				CLANG_ENABLE_MODULES = YES;
				CLANG_ENABLE_OBJC_ARC = YES;
				CLANG_WARN_BOOL_CONVERSION = YES;
				CLANG_WARN_CONSTANT_CONVERSION = YES;
				CLANG_WARN_DIRECT_OBJC_ISA_USAGE = YES_ERROR;
				CLANG_WARN_EMPTY_BODY = YES;
				CLANG_WARN_ENUM_CONVERSION = YES;
				CLANG_WARN_INT_CONVERSION = YES;
				CLANG_WARN_OBJC_ROOT_CLASS = YES_ERROR;
				CLANG_WARN_UNREACHABLE_CODE = YES;
				CLANG_WARN__DUPLICATE_METHOD_MATCH = YES;
				"CODE_SIGN_IDENTITY[sdk=iphoneos*]" = "iPhone Developer";
				COPY_PHASE_STRIP = NO;
				ENABLE_STRICT_OBJC_MSGSEND = YES;
				GCC_C_LANGUAGE_STANDARD = gnu99;
				GCC_DYNAMIC_NO_PIC = NO;
				GCC_OPTIMIZATION_LEVEL = 0;
				GCC_PREPROCESSOR_DEFINITIONS = (
					"DEBUG=1",
					"$(inherited)",
				);
				GCC_SYMBOLS_PRIVATE_EXTERN = NO;
				GCC_WARN_64_TO_32_BIT_CONVERSION = YES;
				GCC_WARN_ABOUT_RETURN_TYPE = YES_ERROR;
				GCC_WARN_UNDECLARED_SELECTOR = YES;
				GCC_WARN_UNINITIALIZED_AUTOS = YES_AGGRESSIVE;
				GCC_WARN_UNUSED_FUNCTION = YES;
				GCC_WARN_UNUSED_VARIABLE = YES;
				IPHONEOS_DEPLOYMENT_TARGET = 8.1;
				MTL_ENABLE_DEBUG_INFO = YES;
				ONLY_ACTIVE_ARCH = YES;
				SDKROOT = iphoneos;
			};
			name = Debug;
		};
		20D17F6F1A788DD000C52D5D /* Release */ = {
			isa = XCBuildConfiguration;
			buildSettings = {
				ALWAYS_SEARCH_USER_PATHS = NO;
				CLANG_CXX_LANGUAGE_STANDARD = "gnu++0x";
				CLANG_CXX_LIBRARY = "libc++";
				CLANG_ENABLE_MODULES = YES;
				CLANG_ENABLE_OBJC_ARC = YES;
				CLANG_WARN_BOOL_CONVERSION = YES;
				CLANG_WARN_CONSTANT_CONVERSION = YES;
				CLANG_WARN_DIRECT_OBJC_ISA_USAGE = YES_ERROR;
				CLANG_WARN_EMPTY_BODY = YES;
				CLANG_WARN_ENUM_CONVERSION = YES;
				CLANG_WARN_INT_CONVERSION = YES;
				CLANG_WARN_OBJC_ROOT_CLASS = YES_ERROR;
				CLANG_WARN_UNREACHABLE_CODE = YES;
				CLANG_WARN__DUPLICATE_METHOD_MATCH = YES;
				"CODE_SIGN_IDENTITY[sdk=iphoneos*]" = "iPhone Developer";
				COPY_PHASE_STRIP = YES;
				ENABLE_NS_ASSERTIONS = NO;
				ENABLE_STRICT_OBJC_MSGSEND = YES;
				GCC_C_LANGUAGE_STANDARD = gnu99;
				GCC_WARN_64_TO_32_BIT_CONVERSION = YES;
				GCC_WARN_ABOUT_RETURN_TYPE = YES_ERROR;
				GCC_WARN_UNDECLARED_SELECTOR = YES;
				GCC_WARN_UNINITIALIZED_AUTOS = YES_AGGRESSIVE;
				GCC_WARN_UNUSED_FUNCTION = YES;
				GCC_WARN_UNUSED_VARIABLE = YES;
				IPHONEOS_DEPLOYMENT_TARGET = 8.1;
				MTL_ENABLE_DEBUG_INFO = NO;
				SDKROOT = iphoneos;
				VALIDATE_PRODUCT = YES;
			};
			name = Release;
		};
		20D17F711A788DD000C52D5D /* Debug */ = {
			isa = XCBuildConfiguration;
			buildSettings = {
				ASSETCATALOG_COMPILER_APPICON_NAME = AppIcon;
				INFOPLIST_FILE = PopFlow/Info.plist;
				LD_RUNPATH_SEARCH_PATHS = "$(inherited) @executable_path/Frameworks";
				PRODUCT_NAME = PopFlow;
			};
			name = Debug;
		};
		20D17F721A788DD000C52D5D /* Release */ = {
			isa = XCBuildConfiguration;
			buildSettings = {
				ASSETCATALOG_COMPILER_APPICON_NAME = AppIcon;
				INFOPLIST_FILE = PopFlow/Info.plist;
				LD_RUNPATH_SEARCH_PATHS = "$(inherited) @executable_path/Frameworks";
				PRODUCT_NAME = PopFlow;
			};
			name = Release;
		};
/* End XCBuildConfiguration section */

/* Begin XCConfigurationList section */
		20D17F481A788DD000C52D5D /* Build configuration list for PBXProject "PopFlow" */ = {
			isa = XCConfigurationList;
			buildConfigurations = (
				20D17F6E1A788DD000C52D5D /* Debug */,
				20D17F6F1A788DD000C52D5D /* Release */,
			);
			defaultConfigurationIsVisible = 0;
			defaultConfigurationName = Release;
		};
		20D17F701A788DD000C52D5D /* Build configuration list for PBXNativeTarget "PopFlow" */ = {
			isa = XCConfigurationList;
			buildConfigurations = (
				20D17F711A788DD000C52D5D /* Debug */,
				20D17F721A788DD000C52D5D /* Release */,
			);
			defaultConfigurationIsVisible = 0;
			defaultConfigurationName = Release;
		};
/* End XCConfigurationList section */
	};
	rootObject = 20D17F451A788DD000C52D5D /* Project object */;
}
